{"1.2.0",
[{<<"accept">>,
  {git,"https://github.com/bdt-group/accept",
       {ref,"dee42ece823fb9a56cb8853138e327372b7fea5f"}},
  3},
 {<<"conf">>,
  {git,"https://github.com/zinid/conf.git",
       {ref,"8f6b94df3584f63fbc6b241ac4ea0740a2e658fb"}},
  0},
 {<<"cowboy">>,{pkg,<<"cowboy">>,<<"2.7.0">>},0},
 {<<"cowlib">>,{pkg,<<"cowlib">>,<<"2.8.0">>},1},
 {<<"fast_yaml">>,
  {git,"https://github.com/processone/fast_yaml.git",
       {ref,"efeabe80f02b627ea2da1721704ab7cfd7dc2b1e"}},
  1},
 {<<"meter">>,
  {git,"https://github.com/bdt-group/meter.git",
       {ref,"223c5b1b7937825758f376a4af1a12e5b6b4bd16"}},
  0},
 {<<"p1_utils">>,{pkg,<<"p1_utils">>,<<"1.0.17">>},2},
 {<<"prometheus">>,
  {git,"https://github.com/deadtrickster/prometheus.erl",
       {ref,"b78e17eda43c7fcb2c05f76c7dd80db969cd8479"}},
  1},
 {<<"prometheus_cowboy">>,
  {git,"https://github.com/bdt-group/prometheus-cowboy",
       {ref,"5557b5e2479e4e5f502bac72a028fa2f66099fcd"}},
  1},
 {<<"prometheus_httpd">>,
  {git,"https://github.com/bdt-group/prometheus-httpd",
       {ref,"b082fb7372097e08e71e8dc8853f17c40a5d6901"}},
  2},
 {<<"quantile_estimator">>,{pkg,<<"quantile_estimator">>,<<"0.2.1">>},2},
 {<<"ranch">>,{pkg,<<"ranch">>,<<"1.7.1">>},1},
 {<<"yval">>,
  {git,"https://github.com/zinid/yval.git",
       {ref,"8da69d015661c7501c39c80a69cd9ecdb2f70bb3"}},
  1}]}.
[
{pkg_hash,[
 {<<"cowboy">>, <<"91ED100138A764355F43316B1D23D7FF6BDB0DE4EA618CB5D8677C93A7A2F115">>},
 {<<"cowlib">>, <<"FD0FF1787DB84AC415B8211573E9A30A3EBE71B5CBFF7F720089972B2319C8A4">>},
 {<<"p1_utils">>, <<"563449D130B7D37426DCAD38815944356B2716713A70E16ABB82E3410EDC2C72">>},
 {<<"quantile_estimator">>, <<"EF50A361F11B5F26B5F16D0696E46A9E4661756492C981F7B2229EF42FF1CD15">>},
 {<<"ranch">>, <<"6B1FAB51B49196860B733A49C07604465A47BDB78AA10C1C16A3D199F7F8C881">>}]},
{pkg_hash_ext,[
 {<<"cowboy">>, <<"04FD8C6A39EDC6AAA9C26123009200FC61F92A3A94F3178C527B70B767C6E605">>},
 {<<"cowlib">>, <<"79F954A7021B302186A950A32869DBC185523D99D3E44CE430CD1F3289F41ED4">>},
 {<<"p1_utils">>, <<"7CFA9BCB00081EFE8808D596DBC1A3B50A062E06DD766C6F078A3B9215D60A0C">>},
 {<<"quantile_estimator">>, <<"282A8A323CA2A845C9E6F787D166348F776C1D4A41EDE63046D72D422E3DA946">>},
 {<<"ranch">>, <<"451D8527787DF716D99DC36162FCA05934915DB0B6141BBDAC2EA8D3C7AFC7D7">>}]}
].
